Microsoft Visual Studio Solution File, Format Version 12.00
# Visual Studio Version 17
VisualStudioVersion = 17.5.2.0
MinimumVisualStudioVersion = 10.0.40219.1
Project("{2150E333-8FDC-42A3-9474-1A3956D46DE8}") = "01-hello-cs", "01-hello-cs", "{A2E2864D-7460-E033-34B6-CD862B36D1B3}"
EndProject
Project("{2150E333-8FDC-42A3-9474-1A3956D46DE8}") = "02-types-and-variables", "02-types-and-variables", "{ED810F19-B4F5-3E2B-C00A-CE5C2C482565}"
EndProject
Project("{2150E333-8FDC-42A3-9474-1A3956D46DE8}") = "03-control-flow", "03-control-flow", "{33BA7B87-718F-20FD-276B-175C0FEFFA87}"
EndProject
Project("{2150E333-8FDC-42A3-9474-1A3956D46DE8}") = "04-methods", "04-methods", "{AF656B72-A708-8356-C71E-ACC48BB007F8}"
EndProject
Project("{2150E333-8FDC-42A3-9474-1A3956D46DE8}") = "05-oop-basics", "05-oop-basics", "{680BBF89-A3D7-94BF-877C-D48A2D490E15}"
EndProject
Project("{2150E333-8FDC-42A3-9474-1A3956D46DE8}") = "06-records-structs-patterns", "06-records-structs-patterns", "{1472F26E-D90B-58AE-90B8-4AFD9B900E78}"
EndProject
Project("{2150E333-8FDC-42A3-9474-1A3956D46DE8}") = "07-collections-linq", "07-collections-linq", "{6B705096-E0F3-6852-B15A-820430E7481F}"
EndProject
Project("{2150E333-8FDC-42A3-9474-1A3956D46DE8}") = "08-exceptions", "08-exceptions", "{0CD6FC00-E5B1-EFD8-C970-EBE95DD11306}"
EndProject
Project("{2150E333-8FDC-42A3-9474-1A3956D46DE8}") = "09-file-io-json", "09-file-io-json", "{1E1DAAF9-C0EC-48EF-12D9-D5C2C8F45E48}"
EndProject
Project("{2150E333-8FDC-42A3-9474-1A3956D46DE8}") = "10-async-await", "10-async-await", "{4EC5C871-B02D-75C7-B96A-1A098393104B}"
EndProject
Project("{2150E333-8FDC-42A3-9474-1A3956D46DE8}") = "11-generics-interfaces-inheritance", "11-generics-interfaces-inheritance", "{B91AEF22-A1B0-38FD-47A0-DCE83C5A2649}"
EndProject
Project("{2150E333-8FDC-42A3-9474-1A3956D46DE8}") = "12-events-delegates", "12-events-delegates", "{26D5BAB3-3144-64C6-29F5-C02652D66703}"
EndProject
Project("{2150E333-8FDC-42A3-9474-1A3956D46DE8}") = "13-testing-xunit", "13-testing-xunit", "{857FE166-3580-57AF-4FDF-CAF2D2F5F337}"
EndProject
Project("{2150E333-8FDC-42A3-9474-1A3956D46DE8}") = "mini-projects", "mini-projects", "{6354AC4C-AB0A-4AB4-DA7D-99F6DD873085}"
EndProject
Project("{FAE04EC0-301F-11D3-BF4B-00C04F79EFBC}") = "ex01", "01-hello-cs\ex01\ex01.csproj", "{FD961282-5E51-4576-D5EC-EDB525172E70}"
EndProject
Project("{FAE04EC0-301F-11D3-BF4B-00C04F79EFBC}") = "ex02", "01-hello-cs\ex02\ex02.csproj", "{12C4CB09-3540-C6B7-E97D-359C6A28B05E}"
EndProject
Project("{FAE04EC0-301F-11D3-BF4B-00C04F79EFBC}") = "ex01", "02-types-and-variables\ex01\ex01.csproj", "{4ED45D10-A9A1-620C-BB15-8998306EE602}"
EndProject
Project("{FAE04EC0-301F-11D3-BF4B-00C04F79EFBC}") = "ex02", "02-types-and-variables\ex02\ex02.csproj", "{B93FE7AB-9F2D-8441-E036-9C50878C7A53}"
EndProject
Project("{FAE04EC0-301F-11D3-BF4B-00C04F79EFBC}") = "ex01", "03-control-flow\ex01\ex01.csproj", "{9B8C7763-F79F-FE46-6D9E-C9F2D5924490}"
EndProject
Project("{FAE04EC0-301F-11D3-BF4B-00C04F79EFBC}") = "ex02", "03-control-flow\ex02\ex02.csproj", "{0BF82BD7-29CE-18B2-F9C5-E2E6075380F1}"
EndProject
Project("{FAE04EC0-301F-11D3-BF4B-00C04F79EFBC}") = "ex01", "04-methods\ex01\ex01.csproj", "{0EE66DA7-108A-B270-E052-9629095C7036}"
EndProject
Project("{FAE04EC0-301F-11D3-BF4B-00C04F79EFBC}") = "ex02", "04-methods\ex02\ex02.csproj", "{CE32E278-CF8B-5542-4E09-8D37429C6AA4}"
EndProject
Project("{FAE04EC0-301F-11D3-BF4B-00C04F79EFBC}") = "ex01", "05-oop-basics\ex01\ex01.csproj", "{FE353F79-E36F-66D1-A00A-2BF621869D16}"
EndProject
Project("{FAE04EC0-301F-11D3-BF4B-00C04F79EFBC}") = "ex02", "05-oop-basics\ex02\ex02.csproj", "{E53EEE0E-7018-E5E6-6946-E95D4CDD0BFD}"
EndProject
Project("{FAE04EC0-301F-11D3-BF4B-00C04F79EFBC}") = "ex01", "06-records-structs-patterns\ex01\ex01.csproj", "{6AB22AF5-45EA-CD3B-C8D7-E216A0392D3C}"
EndProject
Project("{FAE04EC0-301F-11D3-BF4B-00C04F79EFBC}") = "ex02", "06-records-structs-patterns\ex02\ex02.csproj", "{4067E11C-5B26-8A52-97E6-6BA51BD3CA2E}"
EndProject
Project("{FAE04EC0-301F-11D3-BF4B-00C04F79EFBC}") = "ex01", "07-collections-linq\ex01\ex01.csproj", "{9B71AE6D-A139-5CD8-D5A0-83212FFAD050}"
EndProject
Project("{FAE04EC0-301F-11D3-BF4B-00C04F79EFBC}") = "ex02", "07-collections-linq\ex02\ex02.csproj", "{46F8E215-304B-4CC3-5E2C-7A25BA85375E}"
EndProject
Project("{FAE04EC0-301F-11D3-BF4B-00C04F79EFBC}") = "ex01", "08-exceptions\ex01\ex01.csproj", "{B68C3120-A1C9-892E-D60E-55DEE505F7CC}"
EndProject
Project("{FAE04EC0-301F-11D3-BF4B-00C04F79EFBC}") = "ex02", "08-exceptions\ex02\ex02.csproj", "{70B534B7-EED7-6C41-D5DF-840FA1E99A67}"
EndProject
Project("{FAE04EC0-301F-11D3-BF4B-00C04F79EFBC}") = "ex01", "09-file-io-json\ex01\ex01.csproj", "{8CEBD7C7-E83B-4DC0-DD64-DE0E982C0F09}"
EndProject
Project("{FAE04EC0-301F-11D3-BF4B-00C04F79EFBC}") = "ex02", "09-file-io-json\ex02\ex02.csproj", "{44A70722-D362-68A0-C8A4-5CB25416F6E0}"
EndProject
Project("{FAE04EC0-301F-11D3-BF4B-00C04F79EFBC}") = "ex01", "10-async-await\ex01\ex01.csproj", "{2226CB8A-33DA-69FA-8D85-1A8B8E314A7D}"
EndProject
Project("{FAE04EC0-301F-11D3-BF4B-00C04F79EFBC}") = "ex02", "10-async-await\ex02\ex02.csproj", "{339BC9C6-2194-5D2D-93BD-1B0F9E7E10C2}"
EndProject
Project("{FAE04EC0-301F-11D3-BF4B-00C04F79EFBC}") = "ex01", "11-generics-interfaces-inheritance\ex01\ex01.csproj", "{0603E84F-4C92-32E1-4C0F-4B6F22343AE1}"
EndProject
Project("{FAE04EC0-301F-11D3-BF4B-00C04F79EFBC}") = "ex02", "11-generics-interfaces-inheritance\ex02\ex02.csproj", "{6C1B1530-809A-A75D-2020-905E871DCE80}"
EndProject
Project("{FAE04EC0-301F-11D3-BF4B-00C04F79EFBC}") = "ex01", "12-events-delegates\ex01\ex01.csproj", "{32F5449C-CDFF-2E0B-9FB4-0B71C464A67F}"
EndProject
Project("{FAE04EC0-301F-11D3-BF4B-00C04F79EFBC}") = "ex02", "12-events-delegates\ex02\ex02.csproj", "{53DB1102-B7A7-4C8D-C5B9-CC18BEAD138C}"
EndProject
Project("{FAE04EC0-301F-11D3-BF4B-00C04F79EFBC}") = "ex01", "13-testing-xunit\ex01\ex01.csproj", "{5A2C655C-6D8B-1CD3-214F-13BB2E420B5C}"
EndProject
Project("{FAE04EC0-301F-11D3-BF4B-00C04F79EFBC}") = "ex02", "13-testing-xunit\ex02\ex02.csproj", "{B6D41A35-D83D-92A1-832B-3C6D22825195}"
EndProject
Project("{2150E333-8FDC-42A3-9474-1A3956D46DE8}") = "grade-manager", "grade-manager", "{3C0C2E71-BE9B-D497-C807-35CA04024C4A}"
EndProject
Project("{FAE04EC0-301F-11D3-BF4B-00C04F79EFBC}") = "app", "mini-projects\grade-manager\app\app.csproj", "{CC6EB2DB-8644-21BB-27EC-46A8005A8247}"
EndProject
Project("{2150E333-8FDC-42A3-9474-1A3956D46DE8}") = "log-analyzer", "log-analyzer", "{7B1016E8-6643-E3EF-620E-2BE2E4C7FB72}"
EndProject
Project("{FAE04EC0-301F-11D3-BF4B-00C04F79EFBC}") = "app", "mini-projects\log-analyzer\app\app.csproj", "{4318A9C3-1B0B-F4A8-770C-EBA0171666D3}"
EndProject
Project("{2150E333-8FDC-42A3-9474-1A3956D46DE8}") = "todo-async", "todo-async", "{1300D0B0-6704-8247-7B6D-C68DCA22C225}"
EndProject
Project("{FAE04EC0-301F-11D3-BF4B-00C04F79EFBC}") = "app", "mini-projects\todo-async\app\app.csproj", "{0D93F672-6151-9104-75E3-F8D2DD90060B}"
EndProject
Global
	GlobalSection(SolutionConfigurationPlatforms) = preSolution
		Debug|Any CPU = Debug|Any CPU
		Release|Any CPU = Release|Any CPU
	EndGlobalSection
	GlobalSection(ProjectConfigurationPlatforms) = postSolution
		{FD961282-5E51-4576-D5EC-EDB525172E70}.Debug|Any CPU.ActiveCfg = Debug|Any CPU
		{FD961282-5E51-4576-D5EC-EDB525172E70}.Debug|Any CPU.Build.0 = Debug|Any CPU
		{FD961282-5E51-4576-D5EC-EDB525172E70}.Release|Any CPU.ActiveCfg = Release|Any CPU
		{FD961282-5E51-4576-D5EC-EDB525172E70}.Release|Any CPU.Build.0 = Release|Any CPU
		{12C4CB09-3540-C6B7-E97D-359C6A28B05E}.Debug|Any CPU.ActiveCfg = Debug|Any CPU
		{12C4CB09-3540-C6B7-E97D-359C6A28B05E}.Debug|Any CPU.Build.0 = Debug|Any CPU
		{12C4CB09-3540-C6B7-E97D-359C6A28B05E}.Release|Any CPU.ActiveCfg = Release|Any CPU
		{12C4CB09-3540-C6B7-E97D-359C6A28B05E}.Release|Any CPU.Build.0 = Release|Any CPU
		{4ED45D10-A9A1-620C-BB15-8998306EE602}.Debug|Any CPU.ActiveCfg = Debug|Any CPU
		{4ED45D10-A9A1-620C-BB15-8998306EE602}.Debug|Any CPU.Build.0 = Debug|Any CPU
		{4ED45D10-A9A1-620C-BB15-8998306EE602}.Release|Any CPU.ActiveCfg = Release|Any CPU
		{4ED45D10-A9A1-620C-BB15-8998306EE602}.Release|Any CPU.Build.0 = Release|Any CPU
		{B93FE7AB-9F2D-8441-E036-9C50878C7A53}.Debug|Any CPU.ActiveCfg = Debug|Any CPU
		{B93FE7AB-9F2D-8441-E036-9C50878C7A53}.Debug|Any CPU.Build.0 = Debug|Any CPU
		{B93FE7AB-9F2D-8441-E036-9C50878C7A53}.Release|Any CPU.ActiveCfg = Release|Any CPU
		{B93FE7AB-9F2D-8441-E036-9C50878C7A53}.Release|Any CPU.Build.0 = Release|Any CPU
		{9B8C7763-F79F-FE46-6D9E-C9F2D5924490}.Debug|Any CPU.ActiveCfg = Debug|Any CPU
		{9B8C7763-F79F-FE46-6D9E-C9F2D5924490}.Debug|Any CPU.Build.0 = Debug|Any CPU
		{9B8C7763-F79F-FE46-6D9E-C9F2D5924490}.Release|Any CPU.ActiveCfg = Release|Any CPU
		{9B8C7763-F79F-FE46-6D9E-C9F2D5924490}.Release|Any CPU.Build.0 = Release|Any CPU
		{0BF82BD7-29CE-18B2-F9C5-E2E6075380F1}.Debug|Any CPU.ActiveCfg = Debug|Any CPU
		{0BF82BD7-29CE-18B2-F9C5-E2E6075380F1}.Debug|Any CPU.Build.0 = Debug|Any CPU
		{0BF82BD7-29CE-18B2-F9C5-E2E6075380F1}.Release|Any CPU.ActiveCfg = Release|Any CPU
		{0BF82BD7-29CE-18B2-F9C5-E2E6075380F1}.Release|Any CPU.Build.0 = Release|Any CPU
		{0EE66DA7-108A-B270-E052-9629095C7036}.Debug|Any CPU.ActiveCfg = Debug|Any CPU
		{0EE66DA7-108A-B270-E052-9629095C7036}.Debug|Any CPU.Build.0 = Debug|Any CPU
		{0EE66DA7-108A-B270-E052-9629095C7036}.Release|Any CPU.ActiveCfg = Release|Any CPU
		{0EE66DA7-108A-B270-E052-9629095C7036}.Release|Any CPU.Build.0 = Release|Any CPU
		{CE32E278-CF8B-5542-4E09-8D37429C6AA4}.Debug|Any CPU.ActiveCfg = Debug|Any CPU
		{CE32E278-CF8B-5542-4E09-8D37429C6AA4}.Debug|Any CPU.Build.0 = Debug|Any CPU
		{CE32E278-CF8B-5542-4E09-8D37429C6AA4}.Release|Any CPU.ActiveCfg = Release|Any CPU
		{CE32E278-CF8B-5542-4E09-8D37429C6AA4}.Release|Any CPU.Build.0 = Release|Any CPU
		{FE353F79-E36F-66D1-A00A-2BF621869D16}.Debug|Any CPU.ActiveCfg = Debug|Any CPU
		{FE353F79-E36F-66D1-A00A-2BF621869D16}.Debug|Any CPU.Build.0 = Debug|Any CPU
		{FE353F79-E36F-66D1-A00A-2BF621869D16}.Release|Any CPU.ActiveCfg = Release|Any CPU
		{FE353F79-E36F-66D1-A00A-2BF621869D16}.Release|Any CPU.Build.0 = Release|Any CPU
		{E53EEE0E-7018-E5E6-6946-E95D4CDD0BFD}.Debug|Any CPU.ActiveCfg = Debug|Any CPU
		{E53EEE0E-7018-E5E6-6946-E95D4CDD0BFD}.Debug|Any CPU.Build.0 = Debug|Any CPU
		{E53EEE0E-7018-E5E6-6946-E95D4CDD0BFD}.Release|Any CPU.ActiveCfg = Release|Any CPU
		{E53EEE0E-7018-E5E6-6946-E95D4CDD0BFD}.Release|Any CPU.Build.0 = Release|Any CPU
		{6AB22AF5-45EA-CD3B-C8D7-E216A0392D3C}.Debug|Any CPU.ActiveCfg = Debug|Any CPU
		{6AB22AF5-45EA-CD3B-C8D7-E216A0392D3C}.Debug|Any CPU.Build.0 = Debug|Any CPU
		{6AB22AF5-45EA-CD3B-C8D7-E216A0392D3C}.Release|Any CPU.ActiveCfg = Release|Any CPU
		{6AB22AF5-45EA-CD3B-C8D7-E216A0392D3C}.Release|Any CPU.Build.0 = Release|Any CPU
		{4067E11C-5B26-8A52-97E6-6BA51BD3CA2E}.Debug|Any CPU.ActiveCfg = Debug|Any CPU
		{4067E11C-5B26-8A52-97E6-6BA51BD3CA2E}.Debug|Any CPU.Build.0 = Debug|Any CPU
		{4067E11C-5B26-8A52-97E6-6BA51BD3CA2E}.Release|Any CPU.ActiveCfg = Release|Any CPU
		{4067E11C-5B26-8A52-97E6-6BA51BD3CA2E}.Release|Any CPU.Build.0 = Release|Any CPU
		{9B71AE6D-A139-5CD8-D5A0-83212FFAD050}.Debug|Any CPU.ActiveCfg = Debug|Any CPU
		{9B71AE6D-A139-5CD8-D5A0-83212FFAD050}.Debug|Any CPU.Build.0 = Debug|Any CPU
		{9B71AE6D-A139-5CD8-D5A0-83212FFAD050}.Release|Any CPU.ActiveCfg = Release|Any CPU
		{9B71AE6D-A139-5CD8-D5A0-83212FFAD050}.Release|Any CPU.Build.0 = Release|Any CPU
		{46F8E215-304B-4CC3-5E2C-7A25BA85375E}.Debug|Any CPU.ActiveCfg = Debug|Any CPU
		{46F8E215-304B-4CC3-5E2C-7A25BA85375E}.Debug|Any CPU.Build.0 = Debug|Any CPU
		{46F8E215-304B-4CC3-5E2C-7A25BA85375E}.Release|Any CPU.ActiveCfg = Release|Any CPU
		{46F8E215-304B-4CC3-5E2C-7A25BA85375E}.Release|Any CPU.Build.0 = Release|Any CPU
		{B68C3120-A1C9-892E-D60E-55DEE505F7CC}.Debug|Any CPU.ActiveCfg = Debug|Any CPU
		{B68C3120-A1C9-892E-D60E-55DEE505F7CC}.Debug|Any CPU.Build.0 = Debug|Any CPU
		{B68C3120-A1C9-892E-D60E-55DEE505F7CC}.Release|Any CPU.ActiveCfg = Release|Any CPU
		{B68C3120-A1C9-892E-D60E-55DEE505F7CC}.Release|Any CPU.Build.0 = Release|Any CPU
		{70B534B7-EED7-6C41-D5DF-840FA1E99A67}.Debug|Any CPU.ActiveCfg = Debug|Any CPU
		{70B534B7-EED7-6C41-D5DF-840FA1E99A67}.Debug|Any CPU.Build.0 = Debug|Any CPU
		{70B534B7-EED7-6C41-D5DF-840FA1E99A67}.Release|Any CPU.ActiveCfg = Release|Any CPU
		{70B534B7-EED7-6C41-D5DF-840FA1E99A67}.Release|Any CPU.Build.0 = Release|Any CPU
		{8CEBD7C7-E83B-4DC0-DD64-DE0E982C0F09}.Debug|Any CPU.ActiveCfg = Debug|Any CPU
		{8CEBD7C7-E83B-4DC0-DD64-DE0E982C0F09}.Debug|Any CPU.Build.0 = Debug|Any CPU
		{8CEBD7C7-E83B-4DC0-DD64-DE0E982C0F09}.Release|Any CPU.ActiveCfg = Release|Any CPU
		{8CEBD7C7-E83B-4DC0-DD64-DE0E982C0F09}.Release|Any CPU.Build.0 = Release|Any CPU
		{44A70722-D362-68A0-C8A4-5CB25416F6E0}.Debug|Any CPU.ActiveCfg = Debug|Any CPU
		{44A70722-D362-68A0-C8A4-5CB25416F6E0}.Debug|Any CPU.Build.0 = Debug|Any CPU
		{44A70722-D362-68A0-C8A4-5CB25416F6E0}.Release|Any CPU.ActiveCfg = Release|Any CPU
		{44A70722-D362-68A0-C8A4-5CB25416F6E0}.Release|Any CPU.Build.0 = Release|Any CPU
		{2226CB8A-33DA-69FA-8D85-1A8B8E314A7D}.Debug|Any CPU.ActiveCfg = Debug|Any CPU
		{2226CB8A-33DA-69FA-8D85-1A8B8E314A7D}.Debug|Any CPU.Build.0 = Debug|Any CPU
		{2226CB8A-33DA-69FA-8D85-1A8B8E314A7D}.Release|Any CPU.ActiveCfg = Release|Any CPU
		{2226CB8A-33DA-69FA-8D85-1A8B8E314A7D}.Release|Any CPU.Build.0 = Release|Any CPU
		{339BC9C6-2194-5D2D-93BD-1B0F9E7E10C2}.Debug|Any CPU.ActiveCfg = Debug|Any CPU
		{339BC9C6-2194-5D2D-93BD-1B0F9E7E10C2}.Debug|Any CPU.Build.0 = Debug|Any CPU
		{339BC9C6-2194-5D2D-93BD-1B0F9E7E10C2}.Release|Any CPU.ActiveCfg = Release|Any CPU
		{339BC9C6-2194-5D2D-93BD-1B0F9E7E10C2}.Release|Any CPU.Build.0 = Release|Any CPU
		{0603E84F-4C92-32E1-4C0F-4B6F22343AE1}.Debug|Any CPU.ActiveCfg = Debug|Any CPU
		{0603E84F-4C92-32E1-4C0F-4B6F22343AE1}.Debug|Any CPU.Build.0 = Debug|Any CPU
		{0603E84F-4C92-32E1-4C0F-4B6F22343AE1}.Release|Any CPU.ActiveCfg = Release|Any CPU
		{0603E84F-4C92-32E1-4C0F-4B6F22343AE1}.Release|Any CPU.Build.0 = Release|Any CPU
		{6C1B1530-809A-A75D-2020-905E871DCE80}.Debug|Any CPU.ActiveCfg = Debug|Any CPU
		{6C1B1530-809A-A75D-2020-905E871DCE80}.Debug|Any CPU.Build.0 = Debug|Any CPU
		{6C1B1530-809A-A75D-2020-905E871DCE80}.Release|Any CPU.ActiveCfg = Release|Any CPU
		{6C1B1530-809A-A75D-2020-905E871DCE80}.Release|Any CPU.Build.0 = Release|Any CPU
		{32F5449C-CDFF-2E0B-9FB4-0B71C464A67F}.Debug|Any CPU.ActiveCfg = Debug|Any CPU
		{32F5449C-CDFF-2E0B-9FB4-0B71C464A67F}.Debug|Any CPU.Build.0 = Debug|Any CPU
		{32F5449C-CDFF-2E0B-9FB4-0B71C464A67F}.Release|Any CPU.ActiveCfg = Release|Any CPU
		{32F5449C-CDFF-2E0B-9FB4-0B71C464A67F}.Release|Any CPU.Build.0 = Release|Any CPU
		{53DB1102-B7A7-4C8D-C5B9-CC18BEAD138C}.Debug|Any CPU.ActiveCfg = Debug|Any CPU
		{53DB1102-B7A7-4C8D-C5B9-CC18BEAD138C}.Debug|Any CPU.Build.0 = Debug|Any CPU
		{53DB1102-B7A7-4C8D-C5B9-CC18BEAD138C}.Release|Any CPU.ActiveCfg = Release|Any CPU
		{53DB1102-B7A7-4C8D-C5B9-CC18BEAD138C}.Release|Any CPU.Build.0 = Release|Any CPU
		{5A2C655C-6D8B-1CD3-214F-13BB2E420B5C}.Debug|Any CPU.ActiveCfg = Debug|Any CPU
		{5A2C655C-6D8B-1CD3-214F-13BB2E420B5C}.Debug|Any CPU.Build.0 = Debug|Any CPU
		{5A2C655C-6D8B-1CD3-214F-13BB2E420B5C}.Release|Any CPU.ActiveCfg = Release|Any CPU
		{5A2C655C-6D8B-1CD3-214F-13BB2E420B5C}.Release|Any CPU.Build.0 = Release|Any CPU
		{B6D41A35-D83D-92A1-832B-3C6D22825195}.Debug|Any CPU.ActiveCfg = Debug|Any CPU
		{B6D41A35-D83D-92A1-832B-3C6D22825195}.Debug|Any CPU.Build.0 = Debug|Any CPU
		{B6D41A35-D83D-92A1-832B-3C6D22825195}.Release|Any CPU.ActiveCfg = Release|Any CPU
		{B6D41A35-D83D-92A1-832B-3C6D22825195}.Release|Any CPU.Build.0 = Release|Any CPU
		{CC6EB2DB-8644-21BB-27EC-46A8005A8247}.Debug|Any CPU.ActiveCfg = Debug|Any CPU
		{CC6EB2DB-8644-21BB-27EC-46A8005A8247}.Debug|Any CPU.Build.0 = Debug|Any CPU
		{CC6EB2DB-8644-21BB-27EC-46A8005A8247}.Release|Any CPU.ActiveCfg = Release|Any CPU
		{CC6EB2DB-8644-21BB-27EC-46A8005A8247}.Release|Any CPU.Build.0 = Release|Any CPU
		{4318A9C3-1B0B-F4A8-770C-EBA0171666D3}.Debug|Any CPU.ActiveCfg = Debug|Any CPU
		{4318A9C3-1B0B-F4A8-770C-EBA0171666D3}.Debug|Any CPU.Build.0 = Debug|Any CPU
		{4318A9C3-1B0B-F4A8-770C-EBA0171666D3}.Release|Any CPU.ActiveCfg = Release|Any CPU
		{4318A9C3-1B0B-F4A8-770C-EBA0171666D3}.Release|Any CPU.Build.0 = Release|Any CPU
		{0D93F672-6151-9104-75E3-F8D2DD90060B}.Debug|Any CPU.ActiveCfg = Debug|Any CPU
		{0D93F672-6151-9104-75E3-F8D2DD90060B}.Debug|Any CPU.Build.0 = Debug|Any CPU
		{0D93F672-6151-9104-75E3-F8D2DD90060B}.Release|Any CPU.ActiveCfg = Release|Any CPU
		{0D93F672-6151-9104-75E3-F8D2DD90060B}.Release|Any CPU.Build.0 = Release|Any CPU
	EndGlobalSection
	GlobalSection(SolutionProperties) = preSolution
		HideSolutionNode = FALSE
	EndGlobalSection
	GlobalSection(NestedProjects) = preSolution
		{FD961282-5E51-4576-D5EC-EDB525172E70} = {A2E2864D-7460-E033-34B6-CD862B36D1B3}
		{12C4CB09-3540-C6B7-E97D-359C6A28B05E} = {A2E2864D-7460-E033-34B6-CD862B36D1B3}
		{4ED45D10-A9A1-620C-BB15-8998306EE602} = {ED810F19-B4F5-3E2B-C00A-CE5C2C482565}
		{B93FE7AB-9F2D-8441-E036-9C50878C7A53} = {ED810F19-B4F5-3E2B-C00A-CE5C2C482565}
		{9B8C7763-F79F-FE46-6D9E-C9F2D5924490} = {33BA7B87-718F-20FD-276B-175C0FEFFA87}
		{0BF82BD7-29CE-18B2-F9C5-E2E6075380F1} = {33BA7B87-718F-20FD-276B-175C0FEFFA87}
		{0EE66DA7-108A-B270-E052-9629095C7036} = {AF656B72-A708-8356-C71E-ACC48BB007F8}
		{CE32E278-CF8B-5542-4E09-8D37429C6AA4} = {AF656B72-A708-8356-C71E-ACC48BB007F8}
		{FE353F79-E36F-66D1-A00A-2BF621869D16} = {680BBF89-A3D7-94BF-877C-D48A2D490E15}
		{E53EEE0E-7018-E5E6-6946-E95D4CDD0BFD} = {680BBF89-A3D7-94BF-877C-D48A2D490E15}
		{6AB22AF5-45EA-CD3B-C8D7-E216A0392D3C} = {1472F26E-D90B-58AE-90B8-4AFD9B900E78}
		{4067E11C-5B26-8A52-97E6-6BA51BD3CA2E} = {1472F26E-D90B-58AE-90B8-4AFD9B900E78}
		{9B71AE6D-A139-5CD8-D5A0-83212FFAD050} = {6B705096-E0F3-6852-B15A-820430E7481F}
		{46F8E215-304B-4CC3-5E2C-7A25BA85375E} = {6B705096-E0F3-6852-B15A-820430E7481F}
		{B68C3120-A1C9-892E-D60E-55DEE505F7CC} = {0CD6FC00-E5B1-EFD8-C970-EBE95DD11306}
		{70B534B7-EED7-6C41-D5DF-840FA1E99A67} = {0CD6FC00-E5B1-EFD8-C970-EBE95DD11306}
		{8CEBD7C7-E83B-4DC0-DD64-DE0E982C0F09} = {1E1DAAF9-C0EC-48EF-12D9-D5C2C8F45E48}
		{44A70722-D362-68A0-C8A4-5CB25416F6E0} = {1E1DAAF9-C0EC-48EF-12D9-D5C2C8F45E48}
		{2226CB8A-33DA-69FA-8D85-1A8B8E314A7D} = {4EC5C871-B02D-75C7-B96A-1A098393104B}
		{339BC9C6-2194-5D2D-93BD-1B0F9E7E10C2} = {4EC5C871-B02D-75C7-B96A-1A098393104B}
		{0603E84F-4C92-32E1-4C0F-4B6F22343AE1} = {B91AEF22-A1B0-38FD-47A0-DCE83C5A2649}
		{6C1B1530-809A-A75D-2020-905E871DCE80} = {B91AEF22-A1B0-38FD-47A0-DCE83C5A2649}
		{32F5449C-CDFF-2E0B-9FB4-0B71C464A67F} = {26D5BAB3-3144-64C6-29F5-C02652D66703}
		{53DB1102-B7A7-4C8D-C5B9-CC18BEAD138C} = {26D5BAB3-3144-64C6-29F5-C02652D66703}
		{5A2C655C-6D8B-1CD3-214F-13BB2E420B5C} = {857FE166-3580-57AF-4FDF-CAF2D2F5F337}
		{B6D41A35-D83D-92A1-832B-3C6D22825195} = {857FE166-3580-57AF-4FDF-CAF2D2F5F337}
		{3C0C2E71-BE9B-D497-C807-35CA04024C4A} = {6354AC4C-AB0A-4AB4-DA7D-99F6DD873085}
		{CC6EB2DB-8644-21BB-27EC-46A8005A8247} = {3C0C2E71-BE9B-D497-C807-35CA04024C4A}
		{7B1016E8-6643-E3EF-620E-2BE2E4C7FB72} = {6354AC4C-AB0A-4AB4-DA7D-99F6DD873085}
		{4318A9C3-1B0B-F4A8-770C-EBA0171666D3} = {7B1016E8-6643-E3EF-620E-2BE2E4C7FB72}
		{1300D0B0-6704-8247-7B6D-C68DCA22C225} = {6354AC4C-AB0A-4AB4-DA7D-99F6DD873085}
		{0D93F672-6151-9104-75E3-F8D2DD90060B} = {1300D0B0-6704-8247-7B6D-C68DCA22C225}
	EndGlobalSection
	GlobalSection(ExtensibilityGlobals) = postSolution
		SolutionGuid = {AC8F08AE-69D2-471D-A9B5-8819034E9E4F}
	EndGlobalSection
EndGlobal
